{
  "name": "react-native-color-picker-wheel",
  "version": "1.1.1",
  "lockfileVersion": 1,
  "requires": true,
  "dependencies": {
    "react-native-elevation": {
      "version": "1.0.0",
      "resolved": "https://registry.npmjs.org/react-native-elevation/-/react-native-elevation-1.0.0.tgz",
      "integrity": "sha512-BWIKcEYtzjRV6GpkX0Km5/w2E7fgIcywiQOT7JZTc5NSbv/YI9kpFinB9lRFsOoRVGmiqq/O3VfP/oH2clIiBA=="
    }
  }
}
